{
  "object": {
    "pins": [
      {
        "package": "DeviceInfo",
        "repositoryURL": "https://github.com/interestingibis/DeviceInfo.git",
        "state": {
          "branch": "master",
          "revision": "726f388fea972b55e0bd8673f678c5c0257f98ca",
          "version": null
        }
      }
    ]
  },
  "version": 1
}
