{
  "object": {
    "pins": [
      {
        "package": "Files",
        "repositoryURL": "git@github.com:JohnSundell/Files.git",
        "state": {
          "branch": null,
          "revision": "6568bfe636f02dfd85dc9d51b3782555b83080d3",
          "version": "4.0.2"
        }
      },
      {
        "package": "GRDB",
        "repositoryURL": "git@github.com:groue/GRDB.swift.git",
        "state": {
          "branch": null,
          "revision": "a67070dd9a08dad455e9f2895a0c40921d31fa1c",
          "version": "4.6.2"
        }
      },
      {
        "package": "Files",
        "repositoryURL": "https://github.com/JohnSundell/Files.git",
        "state": {
          "branch": null,
          "revision": "6568bfe636f02dfd85dc9d51b3782555b83080d3",
          "version": "4.0.2"
        }
      },
      {
        "package": "GRDB",
        "repositoryURL": "https://github.com/groue/GRDB.swift.git",
        "state": {
          "branch": null,
          "revision": "a67070dd9a08dad455e9f2895a0c40921d31fa1c",
          "version": "4.6.2"
        }
      }
    ]
  },
  "version": 1
}
